<?xml version="1.0" encoding="utf-8"?>
<Project ToolsVersion="4.0" xmlns="http://schemas.microsoft.com/developer/msbuild/2003">
  <ItemGroup>
    <Filter Include="Source Files">
      <UniqueIdentifier>{4488825b-09a5-4797-b906-ce5eaed73f04}</UniqueIdentifier>
      <Extensions>cpp;c;cxx;def;odl;idl;hpj;bat;asm</Extensions>
    </Filter>
    <Filter Include="Header Files">
      <UniqueIdentifier>{0a7839f0-d95d-440e-a56c-d06c0cac06d6}</UniqueIdentifier>
      <Extensions>h;hpp;hxx;hm;inl;inc</Extensions>
    </Filter>
  </ItemGroup>
  <ItemGroup>
    <ClCompile Include="aligngivenpath.cpp">
      <Filter>Source Files</Filter>
    </ClCompile>
    <ClCompile Include="aligngivenpathsw.cpp">
      <Filter>Source Files</Filter>
    </ClCompile>
    <ClCompile Include="aligntwomsas.cpp">
      <Filter>Source Files</Filter>
    </ClCompile>
    <ClCompile Include="aligntwoprofs.cpp">
      <Filter>Source Files</Filter>
    </ClCompile>
    <ClCompile Include="aln.cpp">
      <Filter>Source Files</Filter>
    </ClCompile>
    <ClCompile Include="alpha.cpp">
      <Filter>Source Files</Filter>
    </ClCompile>
    <ClCompile Include="anchors.cpp">
      <Filter>Source Files</Filter>
    </ClCompile>
    <ClCompile Include="bittraceback.cpp">
      <Filter>Source Files</Filter>
    </ClCompile>
    <ClCompile Include="blosum62.cpp">
      <Filter>Source Files</Filter>
    </ClCompile>
    <ClCompile Include="blosumla.cpp">
      <Filter>Source Files</Filter>
    </ClCompile>
    <ClCompile Include="clust.cpp">
      <Filter>Source Files</Filter>
    </ClCompile>
    <ClCompile Include="cluster.cpp">
      <Filter>Source Files</Filter>
    </ClCompile>
    <ClCompile Include="clwwt.cpp">
      <Filter>Source Files</Filter>
    </ClCompile>
    <ClCompile Include="color.cpp">
      <Filter>Source Files</Filter>
    </ClCompile>
    <ClCompile Include="cons.cpp">
      <Filter>Source Files</Filter>
    </ClCompile>
    <ClCompile Include="diaglist.cpp">
      <Filter>Source Files</Filter>
    </ClCompile>
    <ClCompile Include="diffobjscore.cpp">
      <Filter>Source Files</Filter>
    </ClCompile>
    <ClCompile Include="diffpaths.cpp">
      <Filter>Source Files</Filter>
    </ClCompile>
    <ClCompile Include="difftrees.cpp">
      <Filter>Source Files</Filter>
    </ClCompile>
    <ClCompile Include="difftreese.cpp">
      <Filter>Source Files</Filter>
    </ClCompile>
    <ClCompile Include="distcalc.cpp">
      <Filter>Source Files</Filter>
    </ClCompile>
    <ClCompile Include="distfunc.cpp">
      <Filter>Source Files</Filter>
    </ClCompile>
    <ClCompile Include="distpwkimura.cpp">
      <Filter>Source Files</Filter>
    </ClCompile>
    <ClCompile Include="domuscle.cpp">
      <Filter>Source Files</Filter>
    </ClCompile>
    <ClCompile Include="dosp.cpp">
      <Filter>Source Files</Filter>
    </ClCompile>
    <ClCompile Include="dpreglist.cpp">
      <Filter>Source Files</Filter>
    </ClCompile>
    <ClCompile Include="drawtree.cpp">
      <Filter>Source Files</Filter>
    </ClCompile>
    <ClCompile Include="edgelist.cpp">
      <Filter>Source Files</Filter>
    </ClCompile>
    <ClCompile Include="enumopts.cpp">
      <Filter>Source Files</Filter>
    </ClCompile>
    <ClCompile Include="enumtostr.cpp">
      <Filter>Source Files</Filter>
    </ClCompile>
    <ClCompile Include="estring.cpp">
      <Filter>Source Files</Filter>
    </ClCompile>
    <ClCompile Include="fasta.cpp">
      <Filter>Source Files</Filter>
    </ClCompile>
    <ClCompile Include="fasta2.cpp">
      <Filter>Source Files</Filter>
    </ClCompile>
    <ClCompile Include="fastclust.cpp">
      <Filter>Source Files</Filter>
    </ClCompile>
    <ClCompile Include="fastdist.cpp">
      <Filter>Source Files</Filter>
    </ClCompile>
    <ClCompile Include="fastdistjones.cpp">
      <Filter>Source Files</Filter>
    </ClCompile>
    <ClCompile Include="fastdistkbit.cpp">
      <Filter>Source Files</Filter>
    </ClCompile>
    <ClCompile Include="fastdistkmer.cpp">
      <Filter>Source Files</Filter>
    </ClCompile>
    <ClCompile Include="fastdistmafft.cpp">
      <Filter>Source Files</Filter>
    </ClCompile>
    <ClCompile Include="fastdistnuc.cpp">
      <Filter>Source Files</Filter>
    </ClCompile>
    <ClCompile Include="fastscorepath2.cpp">
      <Filter>Source Files</Filter>
    </ClCompile>
    <ClCompile Include="finddiags.cpp">
      <Filter>Source Files</Filter>
    </ClCompile>
    <ClCompile Include="finddiagsn.cpp">
      <Filter>Source Files</Filter>
    </ClCompile>
    <ClCompile Include="glbalign.cpp">
      <Filter>Source Files</Filter>
    </ClCompile>
    <ClCompile Include="glbaligndiag.cpp">
      <Filter>Source Files</Filter>
    </ClCompile>
    <ClCompile Include="glbalignle.cpp">
      <Filter>Source Files</Filter>
    </ClCompile>
    <ClCompile Include="glbalignsimple.cpp">
      <Filter>Source Files</Filter>
    </ClCompile>
    <ClCompile Include="glbalignsp.cpp">
      <Filter>Source Files</Filter>
    </ClCompile>
    <ClCompile Include="glbalignspn.cpp">
      <Filter>Source Files</Filter>
    </ClCompile>
    <ClCompile Include="glbalignss.cpp">
      <Filter>Source Files</Filter>
    </ClCompile>
    <ClCompile Include="glbalndimer.cpp">
      <Filter>Source Files</Filter>
    </ClCompile>
    <ClCompile Include="globals.cpp">
      <Filter>Source Files</Filter>
    </ClCompile>
    <ClCompile Include="globalslinux.cpp">
      <Filter>Source Files</Filter>
    </ClCompile>
    <ClCompile Include="globalsosx.cpp">
      <Filter>Source Files</Filter>
    </ClCompile>
    <ClCompile Include="globalsother.cpp">
      <Filter>Source Files</Filter>
    </ClCompile>
    <ClCompile Include="globalswin32.cpp">
      <Filter>Source Files</Filter>
    </ClCompile>
    <ClCompile Include="gonnet.cpp">
      <Filter>Source Files</Filter>
    </ClCompile>
    <ClCompile Include="henikoffweight.cpp">
      <Filter>Source Files</Filter>
    </ClCompile>
    <ClCompile Include="henikoffweightpb.cpp">
      <Filter>Source Files</Filter>
    </ClCompile>
    <ClCompile Include="html.cpp">
      <Filter>Source Files</Filter>
    </ClCompile>
    <ClCompile Include="hydro.cpp">
      <Filter>Source Files</Filter>
    </ClCompile>
    <ClCompile Include="intmath.cpp">
      <Filter>Source Files</Filter>
    </ClCompile>
    <ClCompile Include="local.cpp">
      <Filter>Source Files</Filter>
    </ClCompile>
    <ClCompile Include="main.cpp">
      <Filter>Source Files</Filter>
    </ClCompile>
    <ClCompile Include="makerootmsa.cpp">
      <Filter>Source Files</Filter>
    </ClCompile>
    <ClCompile Include="makerootmsab.cpp">
      <Filter>Source Files</Filter>
    </ClCompile>
    <ClCompile Include="maketree.cpp">
      <Filter>Source Files</Filter>
    </ClCompile>
    <ClCompile Include="mhack.cpp">
      <Filter>Source Files</Filter>
    </ClCompile>
    <ClCompile Include="mpam200.cpp">
      <Filter>Source Files</Filter>
    </ClCompile>
    <ClCompile Include="msa.cpp">
      <Filter>Source Files</Filter>
    </ClCompile>
    <ClCompile Include="msa2.cpp">
      <Filter>Source Files</Filter>
    </ClCompile>
    <ClCompile Include="msadistkimura.cpp">
      <Filter>Source Files</Filter>
    </ClCompile>
    <ClCompile Include="msf.cpp">
      <Filter>Source Files</Filter>
    </ClCompile>
    <ClCompile Include="muscle.cpp">
      <Filter>Source Files</Filter>
    </ClCompile>
    <ClCompile Include="muscleout.cpp">
      <Filter>Source Files</Filter>
    </ClCompile>
    <ClCompile Include="nucmx.cpp">
      <Filter>Source Files</Filter>
    </ClCompile>
    <ClCompile Include="nwdasimple.cpp">
      <Filter>Source Files</Filter>
    </ClCompile>
    <ClCompile Include="nwdasimple2.cpp">
      <Filter>Source Files</Filter>
    </ClCompile>
    <ClCompile Include="nwdasmall.cpp">
      <Filter>Source Files</Filter>
    </ClCompile>
    <ClCompile Include="nwrec.cpp">
      <Filter>Source Files</Filter>
    </ClCompile>
    <ClCompile Include="nwsmall.cpp">
      <Filter>Source Files</Filter>
    </ClCompile>
    <ClCompile Include="objscore.cpp">
      <Filter>Source Files</Filter>
    </ClCompile>
    <ClCompile Include="objscore2.cpp">
      <Filter>Source Files</Filter>
    </ClCompile>
    <ClCompile Include="objscoreda.cpp">
      <Filter>Source Files</Filter>
    </ClCompile>
    <ClCompile Include="onexception.cpp">
      <Filter>Source Files</Filter>
    </ClCompile>
    <ClCompile Include="options.cpp">
      <Filter>Source Files</Filter>
    </ClCompile>
    <ClCompile Include="outweights.cpp">
      <Filter>Source Files</Filter>
    </ClCompile>
    <ClCompile Include="pam200mafft.cpp">
      <Filter>Source Files</Filter>
    </ClCompile>
    <ClCompile Include="params.cpp">
      <Filter>Source Files</Filter>
    </ClCompile>
    <ClCompile Include="phy.cpp">
      <Filter>Source Files</Filter>
    </ClCompile>
    <ClCompile Include="phy2.cpp">
      <Filter>Source Files</Filter>
    </ClCompile>
    <ClCompile Include="phy3.cpp">
      <Filter>Source Files</Filter>
    </ClCompile>
    <ClCompile Include="phy4.cpp">
      <Filter>Source Files</Filter>
    </ClCompile>
    <ClCompile Include="phyfromclust.cpp">
      <Filter>Source Files</Filter>
    </ClCompile>
    <ClCompile Include="phyfromfile.cpp">
      <Filter>Source Files</Filter>
    </ClCompile>
    <ClCompile Include="physeq.cpp">
      <Filter>Source Files</Filter>
    </ClCompile>
    <ClCompile Include="phytofile.cpp">
      <Filter>Source Files</Filter>
    </ClCompile>
    <ClCompile Include="posgap.cpp">
      <Filter>Source Files</Filter>
    </ClCompile>
    <ClCompile Include="ppscore.cpp">
      <Filter>Source Files</Filter>
    </ClCompile>
    <ClCompile Include="profdb.cpp">
      <Filter>Source Files</Filter>
    </ClCompile>
    <ClCompile Include="profile.cpp">
      <Filter>Source Files</Filter>
    </ClCompile>
    <ClCompile Include="profilefrommsa.cpp">
      <Filter>Source Files</Filter>
    </ClCompile>
    <ClCompile Include="progress.cpp">
      <Filter>Source Files</Filter>
    </ClCompile>
    <ClCompile Include="progressivealign.cpp">
      <Filter>Source Files</Filter>
    </ClCompile>
    <ClCompile Include="pwpath.cpp">
      <Filter>Source Files</Filter>
    </ClCompile>
    <ClCompile Include="readmx.cpp">
      <Filter>Source Files</Filter>
    </ClCompile>
    <ClCompile Include="realigndiffs.cpp">
      <Filter>Source Files</Filter>
    </ClCompile>
    <ClCompile Include="refine.cpp">
      <Filter>Source Files</Filter>
    </ClCompile>
    <ClCompile Include="refinehoriz.cpp">
      <Filter>Source Files</Filter>
    </ClCompile>
    <ClCompile Include="refinesubfams.cpp">
      <Filter>Source Files</Filter>
    </ClCompile>
    <ClCompile Include="refinetree.cpp">
      <Filter>Source Files</Filter>
    </ClCompile>
    <ClCompile Include="refinevert.cpp">
      <Filter>Source Files</Filter>
    </ClCompile>
    <ClCompile Include="savebest.cpp">
      <Filter>Source Files</Filter>
    </ClCompile>
    <ClCompile Include="scoredist.cpp">
      <Filter>Source Files</Filter>
    </ClCompile>
    <ClCompile Include="scoregaps.cpp">
      <Filter>Source Files</Filter>
    </ClCompile>
    <ClCompile Include="scorehistory.cpp">
      <Filter>Source Files</Filter>
    </ClCompile>
    <ClCompile Include="scorepp.cpp">
      <Filter>Source Files</Filter>
    </ClCompile>
    <ClCompile Include="seq.cpp">
      <Filter>Source Files</Filter>
    </ClCompile>
    <ClCompile Include="seqvect.cpp">
      <Filter>Source Files</Filter>
    </ClCompile>
    <ClCompile Include="setblosumweights.cpp">
      <Filter>Source Files</Filter>
    </ClCompile>
    <ClCompile Include="setgscweights.cpp">
      <Filter>Source Files</Filter>
    </ClCompile>
    <ClCompile Include="setnewhandler.cpp">
      <Filter>Source Files</Filter>
    </ClCompile>
    <ClCompile Include="spfast.cpp">
      <Filter>Source Files</Filter>
    </ClCompile>
    <ClCompile Include="sptest.cpp">
      <Filter>Source Files</Filter>
    </ClCompile>
    <ClCompile Include="stabilize.cpp">
      <Filter>Source Files</Filter>
    </ClCompile>
    <ClCompile Include="sw.cpp">
      <Filter>Source Files</Filter>
    </ClCompile>
    <ClCompile Include="termgaps.cpp">
      <Filter>Source Files</Filter>
    </ClCompile>
    <ClCompile Include="textfile.cpp">
      <Filter>Source Files</Filter>
    </ClCompile>
    <ClCompile Include="threewaywt.cpp">
      <Filter>Source Files</Filter>
    </ClCompile>
    <ClCompile Include="tomhydro.cpp">
      <Filter>Source Files</Filter>
    </ClCompile>
    <ClCompile Include="traceback.cpp">
      <Filter>Source Files</Filter>
    </ClCompile>
    <ClCompile Include="tracebackopt.cpp">
      <Filter>Source Files</Filter>
    </ClCompile>
    <ClCompile Include="tracebacksw.cpp">
      <Filter>Source Files</Filter>
    </ClCompile>
    <ClCompile Include="treefrommsa.cpp">
      <Filter>Source Files</Filter>
    </ClCompile>
    <ClCompile Include="typetostr.cpp">
      <Filter>Source Files</Filter>
    </ClCompile>
    <ClCompile Include="upgma2.cpp">
      <Filter>Source Files</Filter>
    </ClCompile>
    <ClCompile Include="usage.cpp">
      <Filter>Source Files</Filter>
    </ClCompile>
    <ClCompile Include="validateids.cpp">
      <Filter>Source Files</Filter>
    </ClCompile>
    <ClCompile Include="vtml2.cpp">
      <Filter>Source Files</Filter>
    </ClCompile>
    <ClCompile Include="writescorefile.cpp">
      <Filter>Source Files</Filter>
    </ClCompile>
    <ClCompile Include="refineprob.cpp">
      <Filter>Source Files</Filter>
    </ClCompile>
    <ClCompile Include="alpha3.cpp">
      <Filter>Source Files</Filter>
    </ClCompile>
    <ClCompile Include="relax.cpp">
      <Filter>Source Files</Filter>
    </ClCompile>
    <ClCompile Include="relax1.cpp">
      <Filter>Source Files</Filter>
    </ClCompile>
    <ClCompile Include="myutils.cpp">
      <Filter>Source Files</Filter>
    </ClCompile>
    <ClCompile Include="processtree.cpp">
      <Filter>Source Files</Filter>
    </ClCompile>
    <ClCompile Include="alnaln.cpp">
      <Filter>Source Files</Filter>
    </ClCompile>
    <ClCompile Include="sparsematrix.cpp">
      <Filter>Source Files</Filter>
    </ClCompile>
    <ClCompile Include="treenode.cpp">
      <Filter>Source Files</Filter>
    </ClCompile>
    <ClCompile Include="mpc.cpp">
      <Filter>Source Files</Filter>
    </ClCompile>
    <ClCompile Include="dorelax.cpp">
      <Filter>Source Files</Filter>
    </ClCompile>
    <ClCompile Include="pairhmm.cpp">
      <Filter>Source Files</Filter>
    </ClCompile>
    <ClCompile Include="probcons.cpp">
      <Filter>Source Files</Filter>
    </ClCompile>
    <ClCompile Include="setprobconsparams.cpp">
      <Filter>Source Files</Filter>
    </ClCompile>
    <ClCompile Include="sequence.cpp">
      <Filter>Source Files</Filter>
    </ClCompile>
    <ClCompile Include="multisequence.cpp">
      <Filter>Source Files</Filter>
    </ClCompile>
    <ClCompile Include="pc2.cpp">
      <Filter>Source Files</Filter>
    </ClCompile>
    <ClCompile Include="buildposterior.cpp">
      <Filter>Source Files</Filter>
    </ClCompile>
    <ClCompile Include="computefwd.cpp">
      <Filter>Source Files</Filter>
    </ClCompile>
    <ClCompile Include="computebwd.cpp">
      <Filter>Source Files</Filter>
    </ClCompile>
    <ClCompile Include="computetotalprob.cpp">
      <Filter>Source Files</Filter>
    </ClCompile>
    <ClCompile Include="computeposterior.cpp">
      <Filter>Source Files</Filter>
    </ClCompile>
    <ClCompile Include="computealn.cpp">
      <Filter>Source Files</Filter>
    </ClCompile>
    <ClCompile Include="buildposterior2.cpp">
      <Filter>Source Files</Filter>
    </ClCompile>
    <ClCompile Include="pc2x.cpp">
      <Filter>Source Files</Filter>
    </ClCompile>
    <ClCompile Include="buildposterior3.cpp">
      <Filter>Source Files</Filter>
    </ClCompile>
    <ClCompile Include="alnmsas.cpp">
      <Filter>Source Files</Filter>
    </ClCompile>
    <ClCompile Include="pp.cpp">
      <Filter>Source Files</Filter>
    </ClCompile>
    <ClCompile Include="pprog.cpp">
      <Filter>Source Files</Filter>
    </ClCompile>
    <ClCompile Include="msastats.cpp">
      <Filter>Source Files</Filter>
    </ClCompile>
    <ClCompile Include="quarts.cpp">
      <Filter>Source Files</Filter>
    </ClCompile>
    <ClCompile Include="msablosumscore.cpp">
      <Filter>Source Files</Filter>
    </ClCompile>
    <ClCompile Include="insertgappy.cpp">
      <Filter>Source Files</Filter>
    </ClCompile>
    <ClCompile Include="upgma5.cpp">
      <Filter>Source Files</Filter>
    </ClCompile>
    <ClCompile Include="stripgappycols.cpp">
      <Filter>Source Files</Filter>
    </ClCompile>
    <ClCompile Include="pprog2.cpp">
      <Filter>Source Files</Filter>
    </ClCompile>
    <ClCompile Include="pprogt.cpp">
      <Filter>Source Files</Filter>
    </ClCompile>
    <ClCompile Include="guidetreejoinorder.cpp">
      <Filter>Source Files</Filter>
    </ClCompile>
    <ClCompile Include="eadistmx.cpp">
      <Filter>Source Files</Filter>
    </ClCompile>
    <ClCompile Include="treesplitter.cpp">
      <Filter>Source Files</Filter>
    </ClCompile>
    <ClCompile Include="treesubsetnodes.cpp">
      <Filter>Source Files</Filter>
    </ClCompile>
    <ClCompile Include="getconsseq.cpp">
      <Filter>Source Files</Filter>
    </ClCompile>
    <ClCompile Include="treefromseqvectea.cpp">
      <Filter>Source Files</Filter>
    </ClCompile>
    <ClCompile Include="distmxfromseqvectea.cpp">
      <Filter>Source Files</Filter>
    </ClCompile>
    <ClCompile Include="convert.cpp">
      <Filter>Source Files</Filter>
    </ClCompile>
    <ClCompile Include="mydist.cpp">
      <Filter>Source Files</Filter>
    </ClCompile>
    <ClCompile Include="msa2tree.cpp">
      <Filter>Source Files</Filter>
    </ClCompile>
    <ClCompile Include="treefrommsa5.cpp">
      <Filter>Source Files</Filter>
    </ClCompile>
    <ClCompile Include="sparsemx.cpp">
      <Filter>Source Files</Filter>
    </ClCompile>
    <ClCompile Include="eadistmxmsas.cpp">
      <Filter>Source Files</Filter>
    </ClCompile>
    <ClCompile Include="super4.cpp">
      <Filter>Source Files</Filter>
    </ClCompile>
    <ClCompile Include="usorter.cpp">
      <Filter>Source Files</Filter>
    </ClCompile>
    <ClCompile Include="permutetree.cpp">
      <Filter>Source Files</Filter>
    </ClCompile>
    <ClCompile Include="dividetree.cpp">
      <Filter>Source Files</Filter>
    </ClCompile>
    <ClCompile Include="jointrees.cpp">
      <Filter>Source Files</Filter>
    </ClCompile>
    <ClCompile Include="align.cpp">
      <Filter>Source Files</Filter>
    </ClCompile>
    <ClCompile Include="qscore.cpp">
      <Filter>Source Files</Filter>
    </ClCompile>
    <ClCompile Include="eacluster.cpp">
      <Filter>Source Files</Filter>
    </ClCompile>
    <ClCompile Include="derep.cpp">
      <Filter>Source Files</Filter>
    </ClCompile>
    <ClCompile Include="uclust.cpp">
      <Filter>Source Files</Filter>
    </ClCompile>
    <ClCompile Include="super5.cpp">
      <Filter>Source Files</Filter>
    </ClCompile>
    <ClCompile Include="globalinputms.cpp">
      <Filter>Source Files</Filter>
    </ClCompile>
    <ClCompile Include="hmmalignpair.cpp">
      <Filter>Source Files</Filter>
    </ClCompile>
    <ClCompile Include="assertsameseqs.cpp">
      <Filter>Source Files</Filter>
    </ClCompile>
    <ClCompile Include="project.cpp">
      <Filter>Source Files</Filter>
    </ClCompile>
    <ClCompile Include="transaln.cpp">
      <Filter>Source Files</Filter>
    </ClCompile>
    <ClCompile Include="logaln.cpp">
      <Filter>Source Files</Filter>
    </ClCompile>
    <ClCompile Include="hmmdump.cpp">
      <Filter>Source Files</Filter>
    </ClCompile>
    <ClCompile Include="hmmparams.cpp">
      <Filter>Source Files</Filter>
    </ClCompile>
    <ClCompile Include="qscore2.cpp">
      <Filter>Source Files</Filter>
    </ClCompile>
    <ClCompile Include="qscorer.cpp">
      <Filter>Source Files</Filter>
    </ClCompile>
    <ClCompile Include="defaulthmmparams.cpp">
      <Filter>Source Files</Filter>
    </ClCompile>
    <ClCompile Include="trainhmm.cpp">
      <Filter>Source Files</Filter>
    </ClCompile>
    <ClCompile Include="deltahmm.cpp">
      <Filter>Source Files</Filter>
    </ClCompile>
    <ClCompile Include="qscore3.cpp">
      <Filter>Source Files</Filter>
    </ClCompile>
    <ClCompile Include="deltahmme.cpp">
      <Filter>Source Files</Filter>
    </ClCompile>
    <ClCompile Include="progaln5.cpp">
      <Filter>Source Files</Filter>
    </ClCompile>
    <ClCompile Include="mpcaccaln.cpp">
      <Filter>Source Files</Filter>
    </ClCompile>
    <ClCompile Include="accaln.cpp">
      <Filter>Source Files</Filter>
    </ClCompile>
    <ClCompile Include="transq.cpp">
      <Filter>Source Files</Filter>
    </ClCompile>
  </ItemGroup>
  <ItemGroup>
    <ClInclude Include="alpha.h">
      <Filter>Header Files</Filter>
    </ClInclude>
    <ClInclude Include="clust.h">
      <Filter>Header Files</Filter>
    </ClInclude>
    <ClInclude Include="cluster.h">
      <Filter>Header Files</Filter>
    </ClInclude>
    <ClInclude Include="clustset.h">
      <Filter>Header Files</Filter>
    </ClInclude>
    <ClInclude Include="clustsetdf.h">
      <Filter>Header Files</Filter>
    </ClInclude>
    <ClInclude Include="clustsetmsa.h">
      <Filter>Header Files</Filter>
    </ClInclude>
    <ClInclude Include="consts.h">
      <Filter>Header Files</Filter>
    </ClInclude>
    <ClInclude Include="diaglist.h">
      <Filter>Header Files</Filter>
    </ClInclude>
    <ClInclude Include="distcalc.h">
      <Filter>Header Files</Filter>
    </ClInclude>
    <ClInclude Include="distfunc.h">
      <Filter>Header Files</Filter>
    </ClInclude>
    <ClInclude Include="dpregionlist.h">
      <Filter>Header Files</Filter>
    </ClInclude>
    <ClInclude Include="dpreglist.h">
      <Filter>Header Files</Filter>
    </ClInclude>
    <ClInclude Include="edgelist.h">
      <Filter>Header Files</Filter>
    </ClInclude>
    <ClInclude Include="enumopts.h">
      <Filter>Header Files</Filter>
    </ClInclude>
    <ClInclude Include="enums.h">
      <Filter>Header Files</Filter>
    </ClInclude>
    <ClInclude Include="estring.h">
      <Filter>Header Files</Filter>
    </ClInclude>
    <ClInclude Include="gapscoredimer.h">
      <Filter>Header Files</Filter>
    </ClInclude>
    <ClInclude Include="gonnet.h">
      <Filter>Header Files</Filter>
    </ClInclude>
    <ClInclude Include="intmath.h">
      <Filter>Header Files</Filter>
    </ClInclude>
    <ClInclude Include="msa.h">
      <Filter>Header Files</Filter>
    </ClInclude>
    <ClInclude Include="msadist.h">
      <Filter>Header Files</Filter>
    </ClInclude>
    <ClInclude Include="muscle.h">
      <Filter>Header Files</Filter>
    </ClInclude>
    <ClInclude Include="objscore.h">
      <Filter>Header Files</Filter>
    </ClInclude>
    <ClInclude Include="params.h">
      <Filter>Header Files</Filter>
    </ClInclude>
    <ClInclude Include="profile.h">
      <Filter>Header Files</Filter>
    </ClInclude>
    <ClInclude Include="scorehistory.h">
      <Filter>Header Files</Filter>
    </ClInclude>
    <ClInclude Include="seq.h">
      <Filter>Header Files</Filter>
    </ClInclude>
    <ClInclude Include="seqvect.h">
      <Filter>Header Files</Filter>
    </ClInclude>
    <ClInclude Include="textfile.h">
      <Filter>Header Files</Filter>
    </ClInclude>
    <ClInclude Include="timing.h">
      <Filter>Header Files</Filter>
    </ClInclude>
    <ClInclude Include="tree.h">
      <Filter>Header Files</Filter>
    </ClInclude>
    <ClInclude Include="types.h">
      <Filter>Header Files</Filter>
    </ClInclude>
    <ClInclude Include="unixio.h">
      <Filter>Header Files</Filter>
    </ClInclude>
    <ClInclude Include="pairhmm.h">
      <Filter>Header Files</Filter>
    </ClInclude>
    <ClInclude Include="scoretype.h">
      <Filter>Header Files</Filter>
    </ClInclude>
    <ClInclude Include="sequence.h">
      <Filter>Header Files</Filter>
    </ClInclude>
    <ClInclude Include="sparsematrix.h">
      <Filter>Header Files</Filter>
    </ClInclude>
    <ClInclude Include="filebuffer.h">
      <Filter>Header Files</Filter>
    </ClInclude>
    <ClInclude Include="guidetree.h">
      <Filter>Header Files</Filter>
    </ClInclude>
    <ClInclude Include="probcons.h">
      <Filter>Header Files</Filter>
    </ClInclude>
    <ClInclude Include="multisequence.h">
      <Filter>Header Files</Filter>
    </ClInclude>
    <ClInclude Include="myutils.h">
      <Filter>Header Files</Filter>
    </ClInclude>
    <ClInclude Include="pprog.h">
      <Filter>Header Files</Filter>
    </ClInclude>
    <ClInclude Include="quarts.h">
      <Filter>Header Files</Filter>
    </ClInclude>
    <ClInclude Include="countsort.h">
      <Filter>Header Files</Filter>
    </ClInclude>
    <ClInclude Include="sort.h">
      <Filter>Header Files</Filter>
    </ClInclude>
    <ClInclude Include="upgma5.h">
      <Filter>Header Files</Filter>
    </ClInclude>
    <ClInclude Include="cmds.h">
      <Filter>Header Files</Filter>
    </ClInclude>
    <ClInclude Include="alpha3.h">
      <Filter>Header Files</Filter>
    </ClInclude>
    <ClInclude Include="pwpath.h">
      <Filter>Header Files</Filter>
    </ClInclude>
    <ClInclude Include="gobuff.h">
      <Filter>Header Files</Filter>
    </ClInclude>
    <ClInclude Include="myopts.h">
      <Filter>Header Files</Filter>
    </ClInclude>
    <ClInclude Include="treesplitter.h">
      <Filter>Header Files</Filter>
    </ClInclude>
    <ClInclude Include="sparsemx.h">
      <Filter>Header Files</Filter>
    </ClInclude>
    <ClInclude Include="super4.h">
      <Filter>Header Files</Filter>
    </ClInclude>
    <ClInclude Include="usorter.h">
      <Filter>Header Files</Filter>
    </ClInclude>
    <ClInclude Include="eacluster.h">
      <Filter>Header Files</Filter>
    </ClInclude>
    <ClInclude Include="derep.h">
      <Filter>Header Files</Filter>
    </ClInclude>
    <ClInclude Include="uclust.h">
      <Filter>Header Files</Filter>
    </ClInclude>
    <ClInclude Include="super5.h">
      <Filter>Header Files</Filter>
    </ClInclude>
    <ClInclude Include="transaln.h">
      <Filter>Header Files</Filter>
    </ClInclude>
    <ClInclude Include="hmmparams.h">
      <Filter>Header Files</Filter>
    </ClInclude>
    <ClInclude Include="hmmtrans.h">
      <Filter>Header Files</Filter>
    </ClInclude>
    <ClInclude Include="qscorer.h">
      <Filter>Header Files</Filter>
    </ClInclude>
    <ClInclude Include="mpc.h">
      <Filter>Header Files</Filter>
    </ClInclude>
    <ClInclude Include="accaln.h">
      <Filter>Header Files</Filter>
    </ClInclude>
    <ClInclude Include="qscorer3.h">
      <Filter>Header Files</Filter>
    </ClInclude>
    <ClInclude Include="treeperm.h">
      <Filter>Header Files</Filter>
    </ClInclude>
  </ItemGroup>
  <ItemGroup>
    <Text Include="usage.txt" />
  </ItemGroup>
</Project>