<?xml version="1.0" encoding="utf-8"?>
<Project ToolsVersion="4.0" xmlns="http://schemas.microsoft.com/developer/msbuild/2003">
  <ItemGroup>
    <Filter Include="Source Files">
      <UniqueIdentifier>{4488825b-09a5-4797-b906-ce5eaed73f04}</UniqueIdentifier>
      <Extensions>cpp;c;cxx;def;odl;idl;hpj;bat;asm</Extensions>
    </Filter>
    <Filter Include="Header Files">
      <UniqueIdentifier>{0a7839f0-d95d-440e-a56c-d06c0cac06d6}</UniqueIdentifier>
      <Extensions>h;hpp;hxx;hm;inl;inc</Extensions>
    </Filter>
  </ItemGroup>
  <ItemGroup>
    <ClCompile Include="fasta.cpp">
      <Filter>Source Files</Filter>
    </ClCompile>
    <ClCompile Include="fasta2.cpp">
      <Filter>Source Files</Filter>
    </ClCompile>
    <ClCompile Include="main.cpp">
      <Filter>Source Files</Filter>
    </ClCompile>
    <ClCompile Include="msa.cpp">
      <Filter>Source Files</Filter>
    </ClCompile>
    <ClCompile Include="msa2.cpp">
      <Filter>Source Files</Filter>
    </ClCompile>
    <ClCompile Include="tree.cpp">
      <Filter>Source Files</Filter>
    </ClCompile>
    <ClCompile Include="tree2.cpp">
      <Filter>Source Files</Filter>
    </ClCompile>
    <ClCompile Include="tree4.cpp">
      <Filter>Source Files</Filter>
    </ClCompile>
    <ClCompile Include="treefromfile.cpp">
      <Filter>Source Files</Filter>
    </ClCompile>
    <ClCompile Include="treetofile.cpp">
      <Filter>Source Files</Filter>
    </ClCompile>
    <ClCompile Include="seq.cpp">
      <Filter>Source Files</Filter>
    </ClCompile>
    <ClCompile Include="textfile.cpp">
      <Filter>Source Files</Filter>
    </ClCompile>
    <ClCompile Include="usage.cpp">
      <Filter>Source Files</Filter>
    </ClCompile>
    <ClCompile Include="alpha3.cpp">
      <Filter>Source Files</Filter>
    </ClCompile>
    <ClCompile Include="myutils.cpp">
      <Filter>Source Files</Filter>
    </ClCompile>
    <ClCompile Include="pairhmm.cpp">
      <Filter>Source Files</Filter>
    </ClCompile>
    <ClCompile Include="probcons.cpp">
      <Filter>Source Files</Filter>
    </ClCompile>
    <ClCompile Include="setprobconsparams.cpp">
      <Filter>Source Files</Filter>
    </ClCompile>
    <ClCompile Include="sequence.cpp">
      <Filter>Source Files</Filter>
    </ClCompile>
    <ClCompile Include="multisequence.cpp">
      <Filter>Source Files</Filter>
    </ClCompile>
    <ClCompile Include="pprog.cpp">
      <Filter>Source Files</Filter>
    </ClCompile>
    <ClCompile Include="msastats.cpp">
      <Filter>Source Files</Filter>
    </ClCompile>
    <ClCompile Include="quarts.cpp">
      <Filter>Source Files</Filter>
    </ClCompile>
    <ClCompile Include="upgma5.cpp">
      <Filter>Source Files</Filter>
    </ClCompile>
    <ClCompile Include="stripgappycols.cpp">
      <Filter>Source Files</Filter>
    </ClCompile>
    <ClCompile Include="pprog2.cpp">
      <Filter>Source Files</Filter>
    </ClCompile>
    <ClCompile Include="pprogt.cpp">
      <Filter>Source Files</Filter>
    </ClCompile>
    <ClCompile Include="guidetreejoinorder.cpp">
      <Filter>Source Files</Filter>
    </ClCompile>
    <ClCompile Include="eadistmx.cpp">
      <Filter>Source Files</Filter>
    </ClCompile>
    <ClCompile Include="treesplitter.cpp">
      <Filter>Source Files</Filter>
    </ClCompile>
    <ClCompile Include="treesubsetnodes.cpp">
      <Filter>Source Files</Filter>
    </ClCompile>
    <ClCompile Include="getconsseq.cpp">
      <Filter>Source Files</Filter>
    </ClCompile>
    <ClCompile Include="eadistmxmsas.cpp">
      <Filter>Source Files</Filter>
    </ClCompile>
    <ClCompile Include="super4.cpp">
      <Filter>Source Files</Filter>
    </ClCompile>
    <ClCompile Include="usorter.cpp">
      <Filter>Source Files</Filter>
    </ClCompile>
    <ClCompile Include="permutetree.cpp">
      <Filter>Source Files</Filter>
    </ClCompile>
    <ClCompile Include="dividetree.cpp">
      <Filter>Source Files</Filter>
    </ClCompile>
    <ClCompile Include="jointrees.cpp">
      <Filter>Source Files</Filter>
    </ClCompile>
    <ClCompile Include="qscore_oldcode.cpp">
      <Filter>Source Files</Filter>
    </ClCompile>
    <ClCompile Include="derep.cpp">
      <Filter>Source Files</Filter>
    </ClCompile>
    <ClCompile Include="uclust.cpp">
      <Filter>Source Files</Filter>
    </ClCompile>
    <ClCompile Include="super5.cpp">
      <Filter>Source Files</Filter>
    </ClCompile>
    <ClCompile Include="globalinputms.cpp">
      <Filter>Source Files</Filter>
    </ClCompile>
    <ClCompile Include="assertsameseqs.cpp">
      <Filter>Source Files</Filter>
    </ClCompile>
    <ClCompile Include="project.cpp">
      <Filter>Source Files</Filter>
    </ClCompile>
    <ClCompile Include="transaln.cpp">
      <Filter>Source Files</Filter>
    </ClCompile>
    <ClCompile Include="logaln.cpp">
      <Filter>Source Files</Filter>
    </ClCompile>
    <ClCompile Include="hmmdump.cpp">
      <Filter>Source Files</Filter>
    </ClCompile>
    <ClCompile Include="hmmparams.cpp">
      <Filter>Source Files</Filter>
    </ClCompile>
    <ClCompile Include="qscore2.cpp">
      <Filter>Source Files</Filter>
    </ClCompile>
    <ClCompile Include="qscorer.cpp">
      <Filter>Source Files</Filter>
    </ClCompile>
    <ClCompile Include="defaulthmmparams.cpp">
      <Filter>Source Files</Filter>
    </ClCompile>
    <ClCompile Include="transq.cpp">
      <Filter>Source Files</Filter>
    </ClCompile>
    <ClCompile Include="treeperm.cpp">
      <Filter>Source Files</Filter>
    </ClCompile>
    <ClCompile Include="perturbhmm.cpp">
      <Filter>Source Files</Filter>
    </ClCompile>
    <ClCompile Include="testscoretype.cpp">
      <Filter>Source Files</Filter>
    </ClCompile>
    <ClCompile Include="testfb.cpp">
      <Filter>Source Files</Filter>
    </ClCompile>
    <ClCompile Include="totalprobflat.cpp">
      <Filter>Source Files</Filter>
    </ClCompile>
    <ClCompile Include="calcposteriorflat.cpp">
      <Filter>Source Files</Filter>
    </ClCompile>
    <ClCompile Include="calcalnflat.cpp">
      <Filter>Source Files</Filter>
    </ClCompile>
    <ClCompile Include="mysparsemx.cpp">
      <Filter>Source Files</Filter>
    </ClCompile>
    <ClCompile Include="mpcflat.cpp">
      <Filter>Source Files</Filter>
    </ClCompile>
    <ClCompile Include="progalnflat.cpp">
      <Filter>Source Files</Filter>
    </ClCompile>
    <ClCompile Include="alnalnsflat.cpp">
      <Filter>Source Files</Filter>
    </ClCompile>
    <ClCompile Include="buildpostflat.cpp">
      <Filter>Source Files</Filter>
    </ClCompile>
    <ClCompile Include="calcalnscoreflat.cpp">
      <Filter>Source Files</Filter>
    </ClCompile>
    <ClCompile Include="logmx.cpp">
      <Filter>Source Files</Filter>
    </ClCompile>
    <ClCompile Include="consflat.cpp">
      <Filter>Source Files</Filter>
    </ClCompile>
    <ClCompile Include="refineflat.cpp">
      <Filter>Source Files</Filter>
    </ClCompile>
    <ClCompile Include="relaxflat.cpp">
      <Filter>Source Files</Filter>
    </ClCompile>
    <ClCompile Include="conspairflat.cpp">
      <Filter>Source Files</Filter>
    </ClCompile>
    <ClCompile Include="fwdflat3.cpp">
      <Filter>Source Files</Filter>
    </ClCompile>
    <ClCompile Include="bwdflat3.cpp">
      <Filter>Source Files</Filter>
    </ClCompile>
    <ClCompile Include="testlog.cpp">
      <Filter>Source Files</Filter>
    </ClCompile>
    <ClCompile Include="eacluster.cpp">
      <Filter>Source Files</Filter>
    </ClCompile>
    <ClCompile Include="alnmsasflat.cpp">
      <Filter>Source Files</Filter>
    </ClCompile>
    <ClCompile Include="buildposterior3flat.cpp">
      <Filter>Source Files</Filter>
    </ClCompile>
    <ClCompile Include="alignpairflat.cpp">
      <Filter>Source Files</Filter>
    </ClCompile>
    <ClCompile Include="getpostpairsalignedflat.cpp">
      <Filter>Source Files</Filter>
    </ClCompile>
    <ClCompile Include="getpairs.cpp">
      <Filter>Source Files</Filter>
    </ClCompile>
    <ClCompile Include="logdistmx.cpp">
      <Filter>Source Files</Filter>
    </ClCompile>
    <ClCompile Include="alnmsasflat3.cpp">
      <Filter>Source Files</Filter>
    </ClCompile>
    <ClCompile Include="allocflat.cpp">
      <Filter>Source Files</Filter>
    </ClCompile>
    <ClCompile Include="seb8.cpp">
      <Filter>Source Files</Filter>
    </ClCompile>
    <ClCompile Include="tracebackflat.cpp">
      <Filter>Source Files</Filter>
    </ClCompile>
    <ClCompile Include="diagbox.cpp">
      <Filter>Source Files</Filter>
    </ClCompile>
    <ClCompile Include="calcalnscoresparse.cpp">
      <Filter>Source Files</Filter>
    </ClCompile>
    <ClCompile Include="resample.cpp">
      <Filter>Source Files</Filter>
    </ClCompile>
    <ClCompile Include="disperse.cpp">
      <Filter>Source Files</Filter>
    </ClCompile>
    <ClCompile Include="stripgappyrows.cpp">
      <Filter>Source Files</Filter>
    </ClCompile>
    <ClCompile Include="ensemble.cpp">
      <Filter>Source Files</Filter>
    </ClCompile>
    <ClCompile Include="efastats.cpp">
      <Filter>Source Files</Filter>
    </ClCompile>
    <ClCompile Include="fa2efa.cpp">
      <Filter>Source Files</Filter>
    </ClCompile>
    <ClCompile Include="colscoreefa.cpp">
      <Filter>Source Files</Filter>
    </ClCompile>
    <ClCompile Include="align.cpp">
      <Filter>Source Files</Filter>
    </ClCompile>
    <ClCompile Include="trimtoref.cpp">
      <Filter>Source Files</Filter>
    </ClCompile>
    <ClCompile Include="trimtorefefa.cpp">
      <Filter>Source Files</Filter>
    </ClCompile>
    <ClCompile Include="qscoreefa.cpp">
      <Filter>Source Files</Filter>
    </ClCompile>
    <ClCompile Include="efabestconf.cpp">
      <Filter>Source Files</Filter>
    </ClCompile>
    <ClCompile Include="efaexplode.cpp">
      <Filter>Source Files</Filter>
    </ClCompile>
    <ClCompile Include="relabel.cpp">
      <Filter>Source Files</Filter>
    </ClCompile>
    <ClCompile Include="addconfseq.cpp">
      <Filter>Source Files</Filter>
    </ClCompile>
    <ClCompile Include="efabestcols.cpp">
      <Filter>Source Files</Filter>
    </ClCompile>
    <ClCompile Include="randomchaintree.cpp">
      <Filter>Source Files</Filter>
    </ClCompile>
    <ClCompile Include="maxcc.cpp">
      <Filter>Source Files</Filter>
    </ClCompile>
    <ClCompile Include="letterconf.cpp">
      <Filter>Source Files</Filter>
    </ClCompile>
    <ClCompile Include="letterconfhtml.cpp">
      <Filter>Source Files</Filter>
    </ClCompile>
    <ClCompile Include="jalview.cpp">
      <Filter>Source Files</Filter>
    </ClCompile>
    <ClCompile Include="heatmapcolors.cpp">
      <Filter>Source Files</Filter>
    </ClCompile>
    <ClCompile Include="make_a2m.cpp">
      <Filter>Source Files</Filter>
    </ClCompile>
    <ClCompile Include="eesort.cpp">
      <Filter>Source Files</Filter>
    </ClCompile>
    <ClCompile Include="strip_anchors.cpp">
      <Filter>Source Files</Filter>
    </ClCompile>
    <ClCompile Include="make_a2m_refseq.cpp">
      <Filter>Source Files</Filter>
    </ClCompile>
    <ClCompile Include="stripgappy.cpp">
      <Filter>Source Files</Filter>
    </ClCompile>
    <ClCompile Include="profalign.cpp">
      <Filter>Source Files</Filter>
    </ClCompile>
    <ClCompile Include="profseq.cpp">
      <Filter>Source Files</Filter>
    </ClCompile>
    <ClCompile Include="protdist.cpp">
      <Filter>Source Files</Filter>
    </ClCompile>
    <ClCompile Include="repredict.cpp">
      <Filter>Source Files</Filter>
    </ClCompile>
    <ClCompile Include="pathinfo.cpp">
      <Filter>Source Files</Filter>
    </ClCompile>
    <ClCompile Include="tracebackbitmem.cpp">
      <Filter>Source Files</Filter>
    </ClCompile>
    <ClCompile Include="viterbifastmem.cpp">
      <Filter>Source Files</Filter>
    </ClCompile>
    <ClCompile Include="mx.cpp">
      <Filter>Source Files</Filter>
    </ClCompile>
    <ClCompile Include="protdists.cpp">
      <Filter>Source Files</Filter>
    </ClCompile>
    <ClCompile Include="objmgr.cpp">
      <Filter>Source Files</Filter>
    </ClCompile>
    <ClCompile Include="seqinfo.cpp">
      <Filter>Source Files</Filter>
    </ClCompile>
    <ClCompile Include="blosum.cpp">
      <Filter>Source Files</Filter>
    </ClCompile>
    <ClCompile Include="build_guide_tree.cpp">
      <Filter>Source Files</Filter>
    </ClCompile>
    <ClCompile Include="gtbnode.cpp">
      <Filter>Source Files</Filter>
    </ClCompile>
    <ClCompile Include="uclustpd.cpp">
      <Filter>Source Files</Filter>
    </ClCompile>
    <ClCompile Include="uclustpd2.cpp">
      <Filter>Source Files</Filter>
    </ClCompile>
    <ClCompile Include="searchpd.cpp">
      <Filter>Source Files</Filter>
    </ClCompile>
    <ClCompile Include="super6.cpp">
      <Filter>Source Files</Filter>
    </ClCompile>
    <ClCompile Include="protdistpair.cpp">
      <Filter>Source Files</Filter>
    </ClCompile>
    <ClCompile Include="test_malloc.cpp">
      <Filter>Source Files</Filter>
    </ClCompile>
    <ClCompile Include="upgma5_msa.cpp">
      <Filter>Source Files</Filter>
    </ClCompile>
    <ClCompile Include="pprog_tree.cpp">
      <Filter>Source Files</Filter>
    </ClCompile>
    <ClCompile Include="kmerdist66.cpp">
      <Filter>Source Files</Filter>
    </ClCompile>
    <ClCompile Include="alpha6.cpp">
      <Filter>Source Files</Filter>
    </ClCompile>
    <ClCompile Include="clustalweights.cpp">
      <Filter>Source Files</Filter>
    </ClCompile>
    <ClCompile Include="test.cpp">
      <Filter>Source Files</Filter>
    </ClCompile>
    <ClCompile Include="profile3.cpp">
      <Filter>Source Files</Filter>
    </ClCompile>
    <ClCompile Include="profpos3.cpp">
      <Filter>Source Files</Filter>
    </ClCompile>
    <ClCompile Include="nwsmall3.cpp">
      <Filter>Source Files</Filter>
    </ClCompile>
    <ClCompile Include="bittraceback.cpp">
      <Filter>Source Files</Filter>
    </ClCompile>
    <ClCompile Include="profprof3.cpp">
      <Filter>Source Files</Filter>
    </ClCompile>
    <ClCompile Include="alnmsasbypath.cpp">
      <Filter>Source Files</Filter>
    </ClCompile>
    <ClCompile Include="alnprof3sbypath.cpp">
      <Filter>Source Files</Filter>
    </ClCompile>
    <ClCompile Include="pprog3.cpp">
      <Filter>Source Files</Filter>
    </ClCompile>
    <ClCompile Include="muscle3.cpp">
      <Filter>Source Files</Filter>
    </ClCompile>
    <ClCompile Include="estring.cpp">
      <Filter>Source Files</Filter>
    </ClCompile>
    <ClCompile Include="kimuradist.cpp">
      <Filter>Source Files</Filter>
    </ClCompile>
    <ClCompile Include="kmerdist33.cpp">
      <Filter>Source Files</Filter>
    </ClCompile>
    <ClCompile Include="alpha2.cpp">
      <Filter>Source Files</Filter>
    </ClCompile>
    <ClCompile Include="scoretest.cpp">
      <Filter>Source Files</Filter>
    </ClCompile>
    <ClCompile Include="cmd_muscle3.cpp">
      <Filter>Source Files</Filter>
    </ClCompile>
    <ClCompile Include="myalloc.cpp">
      <Filter>Source Files</Filter>
    </ClCompile>
    <ClCompile Include="make_substmx.cpp">
      <Filter>Source Files</Filter>
    </ClCompile>
    <ClCompile Include="sweeper.cpp">
      <Filter>Source Files</Filter>
    </ClCompile>
    <ClCompile Include="bench.cpp">
      <Filter>Source Files</Filter>
    </ClCompile>
    <ClCompile Include="sweep.cpp">
      <Filter>Source Files</Filter>
    </ClCompile>
    <ClCompile Include="enumgrid.cpp">
      <Filter>Source Files</Filter>
    </ClCompile>
    <ClCompile Include="substmxfromfile.cpp">
      <Filter>Source Files</Filter>
    </ClCompile>
    <ClCompile Include="m3alnparams.cpp">
      <Filter>Source Files</Filter>
    </ClCompile>
    <ClCompile Include="cmd_bench.cpp">
      <Filter>Source Files</Filter>
    </ClCompile>
    <ClCompile Include="spatter.cpp">
      <Filter>Source Files</Filter>
    </ClCompile>
    <ClCompile Include="msaselfscore3.cpp">
      <Filter>Source Files</Filter>
    </ClCompile>
    <ClCompile Include="cmd_batch.cpp">
      <Filter>Source Files</Filter>
    </ClCompile>
    <ClCompile Include="cmd_m3ensemble.cpp">
      <Filter>Source Files</Filter>
    </ClCompile>
    <ClCompile Include="m3select.cpp">
      <Filter>Source Files</Filter>
    </ClCompile>
    <ClCompile Include="m3refine.cpp">
      <Filter>Source Files</Filter>
    </ClCompile>
    <ClCompile Include="randomdistmx.cpp">
      <Filter>Source Files</Filter>
    </ClCompile>
    <ClCompile Include="simplecluster.cpp">
      <Filter>Source Files</Filter>
    </ClCompile>
    <ClCompile Include="qscorer2.cpp">
      <Filter>Source Files</Filter>
    </ClCompile>
    <ClCompile Include="qscore.cpp">
      <Filter>Source Files</Filter>
    </ClCompile>
    <ClCompile Include="cmd_cmp_msa.cpp">
      <Filter>Source Files</Filter>
    </ClCompile>
    <ClCompile Include="cmd_squeeze_inserts.cpp">
      <Filter>Source Files</Filter>
    </ClCompile>
    <ClCompile Include="cmd_newbench_selectpfams.cpp">
      <Filter>Source Files</Filter>
    </ClCompile>
    <ClCompile Include="hscore.cpp">
      <Filter>Source Files</Filter>
    </ClCompile>
    <ClCompile Include="cmd_newbench_pfamgroups.cpp">
      <Filter>Source Files</Filter>
    </ClCompile>
    <ClCompile Include="cmd_mustang_core.cpp">
      <Filter>Source Files</Filter>
    </ClCompile>
    <ClCompile Include="mega.cpp">
      <Filter>Source Files</Filter>
    </ClCompile>
    <ClCompile Include="fwdflat_mega.cpp">
      <Filter>Source Files</Filter>
    </ClCompile>
    <ClCompile Include="bwdflat_mega.cpp">
      <Filter>Source Files</Filter>
    </ClCompile>
    <ClCompile Include="mpcflat_mega.cpp">
      <Filter>Source Files</Filter>
    </ClCompile>
    <ClCompile Include="test_mega.cpp">
      <Filter>Source Files</Filter>
    </ClCompile>
    <ClCompile Include="cmp_ref_msas.cpp">
      <Filter>Source Files</Filter>
    </ClCompile>
    <ClCompile Include="alignmsasbycols.cpp">
      <Filter>Source Files</Filter>
    </ClCompile>
    <ClCompile Include="shrub.cpp">
      <Filter>Source Files</Filter>
    </ClCompile>
    <ClCompile Include="super7.cpp">
      <Filter>Source Files</Filter>
    </ClCompile>
    <ClCompile Include="sw.cpp">
      <Filter>Source Files</Filter>
    </ClCompile>
    <ClCompile Include="runthreads.cpp">
      <Filter>Source Files</Filter>
    </ClCompile>
    <ClCompile Include="swdistmx.cpp">
      <Filter>Source Files</Filter>
    </ClCompile>
    <ClCompile Include="blosumsmx.cpp">
      <Filter>Source Files</Filter>
    </ClCompile>
    <ClCompile Include="showseqstats.cpp">
      <Filter>Source Files</Filter>
    </ClCompile>
    <ClCompile Include="super7_mega.cpp">
      <Filter>Source Files</Filter>
    </ClCompile>
    <ClCompile Include="alnmsasflat_mega.cpp">
      <Filter>Source Files</Filter>
    </ClCompile>
    <ClCompile Include="getpostpairsalignedflat_mega.cpp">
      <Filter>Source Files</Filter>
    </ClCompile>
    <ClCompile Include="pprog_mega.cpp">
      <Filter>Source Files</Filter>
    </ClCompile>
    <ClCompile Include="calcpost.cpp">
      <Filter>Source Files</Filter>
    </ClCompile>
    <ClCompile Include="loadinput.cpp">
      <Filter>Source Files</Filter>
    </ClCompile>
    <ClCompile Include="transalnref.cpp">
      <Filter>Source Files</Filter>
    </ClCompile>
    <ClCompile Include="mega_msas.cpp">
      <Filter>Source Files</Filter>
    </ClCompile>
    <ClCompile Include="masmcol.cpp">
      <Filter>Source Files</Filter>
    </ClCompile>
    <ClCompile Include="masm_train.cpp">
      <Filter>Source Files</Filter>
    </ClCompile>
    <ClCompile Include="masm.cpp">
      <Filter>Source Files</Filter>
    </ClCompile>
    <ClCompile Include="writelocalaln.cpp">
      <Filter>Source Files</Filter>
    </ClCompile>
    <ClCompile Include="swmasm.cpp">
      <Filter>Source Files</Filter>
    </ClCompile>
    <ClCompile Include="swmasm_seq.cpp">
      <Filter>Source Files</Filter>
    </ClCompile>
    <ClCompile Include="logaln_masm.cpp">
      <Filter>Source Files</Filter>
    </ClCompile>
    <ClCompile Include="viterbimega.cpp">
      <Filter>Source Files</Filter>
    </ClCompile>
    <ClCompile Include="enumpaths.cpp">
      <Filter>Source Files</Filter>
    </ClCompile>
    <ClCompile Include="pathscorer.cpp">
      <Filter>Source Files</Filter>
    </ClCompile>
    <ClCompile Include="test_sw_aa.cpp">
      <Filter>Source Files</Filter>
    </ClCompile>
    <ClCompile Include="swmasm_megaprof.cpp">
      <Filter>Source Files</Filter>
    </ClCompile>
    <ClCompile Include="test_sw_mm.cpp">
      <Filter>Source Files</Filter>
    </ClCompile>
    <ClCompile Include="swsimple.cpp">
      <Filter>Source Files</Filter>
    </ClCompile>
    <ClCompile Include="swer.cpp">
      <Filter>Source Files</Filter>
    </ClCompile>
    <ClCompile Include="swtester.cpp">
      <Filter>Source Files</Filter>
    </ClCompile>
    <ClCompile Include="swtest.cpp">
      <Filter>Source Files</Filter>
    </ClCompile>
    <ClCompile Include="swtestmm.cpp">
      <Filter>Source Files</Filter>
    </ClCompile>
    <ClCompile Include="swenumdp.cpp">
      <Filter>Source Files</Filter>
    </ClCompile>
    <ClCompile Include="swps.cpp">
      <Filter>Source Files</Filter>
    </ClCompile>
    <ClCompile Include="swsimple2.cpp">
      <Filter>Source Files</Filter>
    </ClCompile>
  </ItemGroup>
  <ItemGroup>
    <ClInclude Include="alpha.h">
      <Filter>Header Files</Filter>
    </ClInclude>
    <ClInclude Include="clust.h">
      <Filter>Header Files</Filter>
    </ClInclude>
    <ClInclude Include="cluster.h">
      <Filter>Header Files</Filter>
    </ClInclude>
    <ClInclude Include="clustsetdf.h">
      <Filter>Header Files</Filter>
    </ClInclude>
    <ClInclude Include="clustsetmsa.h">
      <Filter>Header Files</Filter>
    </ClInclude>
    <ClInclude Include="consts.h">
      <Filter>Header Files</Filter>
    </ClInclude>
    <ClInclude Include="distcalc.h">
      <Filter>Header Files</Filter>
    </ClInclude>
    <ClInclude Include="dpregionlist.h">
      <Filter>Header Files</Filter>
    </ClInclude>
    <ClInclude Include="dpreglist.h">
      <Filter>Header Files</Filter>
    </ClInclude>
    <ClInclude Include="edgelist.h">
      <Filter>Header Files</Filter>
    </ClInclude>
    <ClInclude Include="intmath.h">
      <Filter>Header Files</Filter>
    </ClInclude>
    <ClInclude Include="msa.h">
      <Filter>Header Files</Filter>
    </ClInclude>
    <ClInclude Include="muscle.h">
      <Filter>Header Files</Filter>
    </ClInclude>
    <ClInclude Include="objscore.h">
      <Filter>Header Files</Filter>
    </ClInclude>
    <ClInclude Include="params.h">
      <Filter>Header Files</Filter>
    </ClInclude>
    <ClInclude Include="scorehistory.h">
      <Filter>Header Files</Filter>
    </ClInclude>
    <ClInclude Include="seq.h">
      <Filter>Header Files</Filter>
    </ClInclude>
    <ClInclude Include="textfile.h">
      <Filter>Header Files</Filter>
    </ClInclude>
    <ClInclude Include="timing.h">
      <Filter>Header Files</Filter>
    </ClInclude>
    <ClInclude Include="tree.h">
      <Filter>Header Files</Filter>
    </ClInclude>
    <ClInclude Include="types.h">
      <Filter>Header Files</Filter>
    </ClInclude>
    <ClInclude Include="unixio.h">
      <Filter>Header Files</Filter>
    </ClInclude>
    <ClInclude Include="pairhmm.h">
      <Filter>Header Files</Filter>
    </ClInclude>
    <ClInclude Include="scoretype.h">
      <Filter>Header Files</Filter>
    </ClInclude>
    <ClInclude Include="sequence.h">
      <Filter>Header Files</Filter>
    </ClInclude>
    <ClInclude Include="sparsematrix.h">
      <Filter>Header Files</Filter>
    </ClInclude>
    <ClInclude Include="filebuffer.h">
      <Filter>Header Files</Filter>
    </ClInclude>
    <ClInclude Include="probcons.h">
      <Filter>Header Files</Filter>
    </ClInclude>
    <ClInclude Include="multisequence.h">
      <Filter>Header Files</Filter>
    </ClInclude>
    <ClInclude Include="myutils.h">
      <Filter>Header Files</Filter>
    </ClInclude>
    <ClInclude Include="pprog.h">
      <Filter>Header Files</Filter>
    </ClInclude>
    <ClInclude Include="quarts.h">
      <Filter>Header Files</Filter>
    </ClInclude>
    <ClInclude Include="countsort.h">
      <Filter>Header Files</Filter>
    </ClInclude>
    <ClInclude Include="sort.h">
      <Filter>Header Files</Filter>
    </ClInclude>
    <ClInclude Include="upgma5.h">
      <Filter>Header Files</Filter>
    </ClInclude>
    <ClInclude Include="cmds.h">
      <Filter>Header Files</Filter>
    </ClInclude>
    <ClInclude Include="alpha3.h">
      <Filter>Header Files</Filter>
    </ClInclude>
    <ClInclude Include="pwpath.h">
      <Filter>Header Files</Filter>
    </ClInclude>
    <ClInclude Include="gobuff.h">
      <Filter>Header Files</Filter>
    </ClInclude>
    <ClInclude Include="myopts.h">
      <Filter>Header Files</Filter>
    </ClInclude>
    <ClInclude Include="treesplitter.h">
      <Filter>Header Files</Filter>
    </ClInclude>
    <ClInclude Include="sparsemx.h">
      <Filter>Header Files</Filter>
    </ClInclude>
    <ClInclude Include="super4.h">
      <Filter>Header Files</Filter>
    </ClInclude>
    <ClInclude Include="usorter.h">
      <Filter>Header Files</Filter>
    </ClInclude>
    <ClInclude Include="eacluster.h">
      <Filter>Header Files</Filter>
    </ClInclude>
    <ClInclude Include="derep.h">
      <Filter>Header Files</Filter>
    </ClInclude>
    <ClInclude Include="uclust.h">
      <Filter>Header Files</Filter>
    </ClInclude>
    <ClInclude Include="super5.h">
      <Filter>Header Files</Filter>
    </ClInclude>
    <ClInclude Include="transaln.h">
      <Filter>Header Files</Filter>
    </ClInclude>
    <ClInclude Include="hmmparams.h">
      <Filter>Header Files</Filter>
    </ClInclude>
    <ClInclude Include="hmmtrans.h">
      <Filter>Header Files</Filter>
    </ClInclude>
    <ClInclude Include="qscorer.h">
      <Filter>Header Files</Filter>
    </ClInclude>
    <ClInclude Include="mpc.h">
      <Filter>Header Files</Filter>
    </ClInclude>
    <ClInclude Include="qscorer3.h">
      <Filter>Header Files</Filter>
    </ClInclude>
    <ClInclude Include="treeperm.h">
      <Filter>Header Files</Filter>
    </ClInclude>
    <ClInclude Include="flatmx.h">
      <Filter>Header Files</Filter>
    </ClInclude>
    <ClInclude Include="cmptom.h">
      <Filter>Header Files</Filter>
    </ClInclude>
    <ClInclude Include="mysparsemx.h">
      <Filter>Header Files</Filter>
    </ClInclude>
    <ClInclude Include="mpcflat.h">
      <Filter>Header Files</Filter>
    </ClInclude>
    <ClInclude Include="locallock.h">
      <Filter>Header Files</Filter>
    </ClInclude>
    <ClInclude Include="usage.h">
      <Filter>Header Files</Filter>
    </ClInclude>
    <ClInclude Include="kmerscan.h">
      <Filter>Header Files</Filter>
    </ClInclude>
    <ClInclude Include="six.h">
      <Filter>Header Files</Filter>
    </ClInclude>
    <ClInclude Include="hspfinder.h">
      <Filter>Header Files</Filter>
    </ClInclude>
    <ClInclude Include="chainer.h">
      <Filter>Header Files</Filter>
    </ClInclude>
    <ClInclude Include="best3.h">
      <Filter>Header Files</Filter>
    </ClInclude>
    <ClInclude Include="hmmscores.h">
      <Filter>Header Files</Filter>
    </ClInclude>
    <ClInclude Include="diagbox.h">
      <Filter>Header Files</Filter>
    </ClInclude>
    <ClInclude Include="ensemble.h">
      <Filter>Header Files</Filter>
    </ClInclude>
    <ClInclude Include="heatmapcolors.h">
      <Filter>Header Files</Filter>
    </ClInclude>
    <ClInclude Include="pathinfo.h">
      <Filter>Header Files</Filter>
    </ClInclude>
    <ClInclude Include="xdpmem.h">
      <Filter>Header Files</Filter>
    </ClInclude>
    <ClInclude Include="tracebit.h">
      <Filter>Header Files</Filter>
    </ClInclude>
    <ClInclude Include="mx.h">
      <Filter>Header Files</Filter>
    </ClInclude>
    <ClInclude Include="obj.h">
      <Filter>Header Files</Filter>
    </ClInclude>
    <ClInclude Include="objtype.h">
      <Filter>Header Files</Filter>
    </ClInclude>
    <ClInclude Include="objtypes.h">
      <Filter>Header Files</Filter>
    </ClInclude>
    <ClInclude Include="objmgr.h">
      <Filter>Header Files</Filter>
    </ClInclude>
    <ClInclude Include="omplock.h">
      <Filter>Header Files</Filter>
    </ClInclude>
    <ClInclude Include="seqinfo.h">
      <Filter>Header Files</Filter>
    </ClInclude>
    <ClInclude Include="gtbuilder.h">
      <Filter>Header Files</Filter>
    </ClInclude>
    <ClInclude Include="gtbnode.h">
      <Filter>Header Files</Filter>
    </ClInclude>
    <ClInclude Include="uclustpd.h">
      <Filter>Header Files</Filter>
    </ClInclude>
    <ClInclude Include="super6.h">
      <Filter>Header Files</Filter>
    </ClInclude>
    <ClInclude Include="kmerdist66.h">
      <Filter>Header Files</Filter>
    </ClInclude>
    <ClInclude Include="clustalweights.h">
      <Filter>Header Files</Filter>
    </ClInclude>
    <ClInclude Include="pprog3.h">
      <Filter>Header Files</Filter>
    </ClInclude>
    <ClInclude Include="profile3.h">
      <Filter>Header Files</Filter>
    </ClInclude>
    <ClInclude Include="profpos3.h">
      <Filter>Header Files</Filter>
    </ClInclude>
    <ClInclude Include="cachemem3.h">
      <Filter>Header Files</Filter>
    </ClInclude>
    <ClInclude Include="estring.h">
      <Filter>Header Files</Filter>
    </ClInclude>
    <ClInclude Include="kmerdist33.h">
      <Filter>Header Files</Filter>
    </ClInclude>
    <ClInclude Include="m3alnparams.h">
      <Filter>Header Files</Filter>
    </ClInclude>
    <ClInclude Include="muscle3.h">
      <Filter>Header Files</Filter>
    </ClInclude>
    <ClInclude Include="myalloc.h">
      <Filter>Header Files</Filter>
    </ClInclude>
    <ClInclude Include="sweeper.h">
      <Filter>Header Files</Filter>
    </ClInclude>
    <ClInclude Include="bench.h">
      <Filter>Header Files</Filter>
    </ClInclude>
    <ClInclude Include="viterbiparams.h">
      <Filter>Header Files</Filter>
    </ClInclude>
    <ClInclude Include="simplecluster.h">
      <Filter>Header Files</Filter>
    </ClInclude>
    <ClInclude Include="qscorer2.h">
      <Filter>Header Files</Filter>
    </ClInclude>
    <ClInclude Include="mega.h">
      <Filter>Header Files</Filter>
    </ClInclude>
    <ClInclude Include="super7.h">
      <Filter>Header Files</Filter>
    </ClInclude>
    <ClInclude Include="swtrace.h">
      <Filter>Header Files</Filter>
    </ClInclude>
    <ClInclude Include="mpcflat_mega.h">
      <Filter>Header Files</Filter>
    </ClInclude>
    <ClInclude Include="pprog_mega.h">
      <Filter>Header Files</Filter>
    </ClInclude>
    <ClInclude Include="psm_mega.h">
      <Filter>Header Files</Filter>
    </ClInclude>
    <ClInclude Include="psmcol_mega.h">
      <Filter>Header Files</Filter>
    </ClInclude>
    <ClInclude Include="masmcol.h">
      <Filter>Header Files</Filter>
    </ClInclude>
    <ClInclude Include="masm.h">
      <Filter>Header Files</Filter>
    </ClInclude>
    <ClInclude Include="enumpaths.h">
      <Filter>Header Files</Filter>
    </ClInclude>
    <ClInclude Include="pathscorer.h">
      <Filter>Header Files</Filter>
    </ClInclude>
    <ClInclude Include="swtester.h">
      <Filter>Header Files</Filter>
    </ClInclude>
    <ClInclude Include="swer.h">
      <Filter>Header Files</Filter>
    </ClInclude>
    <ClInclude Include="allocmx.h">
      <Filter>Header Files</Filter>
    </ClInclude>
  </ItemGroup>
  <ItemGroup>
    <Text Include="usage.txt" />
  </ItemGroup>
</Project>