<?xml version="1.0" encoding="utf-8"?>
<Project ToolsVersion="4.0" xmlns="http://schemas.microsoft.com/developer/msbuild/2003">
  <ItemGroup>
    <Filter Include="Source Files">
      <UniqueIdentifier>{4488825b-09a5-4797-b906-ce5eaed73f04}</UniqueIdentifier>
      <Extensions>cpp;c;cxx;def;odl;idl;hpj;bat;asm</Extensions>
    </Filter>
    <Filter Include="Header Files">
      <UniqueIdentifier>{0a7839f0-d95d-440e-a56c-d06c0cac06d6}</UniqueIdentifier>
      <Extensions>h;hpp;hxx;hm;inl;inc</Extensions>
    </Filter>
  </ItemGroup>
  <ItemGroup>
    <ClCompile Include="alpha.cpp">
      <Filter>Source Files</Filter>
    </ClCompile>
    <ClCompile Include="fasta.cpp">
      <Filter>Source Files</Filter>
    </ClCompile>
    <ClCompile Include="fasta2.cpp">
      <Filter>Source Files</Filter>
    </ClCompile>
    <ClCompile Include="main.cpp">
      <Filter>Source Files</Filter>
    </ClCompile>
    <ClCompile Include="msa.cpp">
      <Filter>Source Files</Filter>
    </ClCompile>
    <ClCompile Include="msa2.cpp">
      <Filter>Source Files</Filter>
    </ClCompile>
    <ClCompile Include="tree.cpp">
      <Filter>Source Files</Filter>
    </ClCompile>
    <ClCompile Include="tree2.cpp">
      <Filter>Source Files</Filter>
    </ClCompile>
    <ClCompile Include="tree4.cpp">
      <Filter>Source Files</Filter>
    </ClCompile>
    <ClCompile Include="treefromfile.cpp">
      <Filter>Source Files</Filter>
    </ClCompile>
    <ClCompile Include="treetofile.cpp">
      <Filter>Source Files</Filter>
    </ClCompile>
    <ClCompile Include="seq.cpp">
      <Filter>Source Files</Filter>
    </ClCompile>
    <ClCompile Include="textfile.cpp">
      <Filter>Source Files</Filter>
    </ClCompile>
    <ClCompile Include="usage.cpp">
      <Filter>Source Files</Filter>
    </ClCompile>
    <ClCompile Include="alpha3.cpp">
      <Filter>Source Files</Filter>
    </ClCompile>
    <ClCompile Include="myutils.cpp">
      <Filter>Source Files</Filter>
    </ClCompile>
    <ClCompile Include="pairhmm.cpp">
      <Filter>Source Files</Filter>
    </ClCompile>
    <ClCompile Include="probcons.cpp">
      <Filter>Source Files</Filter>
    </ClCompile>
    <ClCompile Include="setprobconsparams.cpp">
      <Filter>Source Files</Filter>
    </ClCompile>
    <ClCompile Include="sequence.cpp">
      <Filter>Source Files</Filter>
    </ClCompile>
    <ClCompile Include="multisequence.cpp">
      <Filter>Source Files</Filter>
    </ClCompile>
    <ClCompile Include="pprog.cpp">
      <Filter>Source Files</Filter>
    </ClCompile>
    <ClCompile Include="msastats.cpp">
      <Filter>Source Files</Filter>
    </ClCompile>
    <ClCompile Include="quarts.cpp">
      <Filter>Source Files</Filter>
    </ClCompile>
    <ClCompile Include="upgma5.cpp">
      <Filter>Source Files</Filter>
    </ClCompile>
    <ClCompile Include="stripgappycols.cpp">
      <Filter>Source Files</Filter>
    </ClCompile>
    <ClCompile Include="pprog2.cpp">
      <Filter>Source Files</Filter>
    </ClCompile>
    <ClCompile Include="pprogt.cpp">
      <Filter>Source Files</Filter>
    </ClCompile>
    <ClCompile Include="guidetreejoinorder.cpp">
      <Filter>Source Files</Filter>
    </ClCompile>
    <ClCompile Include="eadistmx.cpp">
      <Filter>Source Files</Filter>
    </ClCompile>
    <ClCompile Include="treesplitter.cpp">
      <Filter>Source Files</Filter>
    </ClCompile>
    <ClCompile Include="treesubsetnodes.cpp">
      <Filter>Source Files</Filter>
    </ClCompile>
    <ClCompile Include="getconsseq.cpp">
      <Filter>Source Files</Filter>
    </ClCompile>
    <ClCompile Include="eadistmxmsas.cpp">
      <Filter>Source Files</Filter>
    </ClCompile>
    <ClCompile Include="super4.cpp">
      <Filter>Source Files</Filter>
    </ClCompile>
    <ClCompile Include="usorter.cpp">
      <Filter>Source Files</Filter>
    </ClCompile>
    <ClCompile Include="permutetree.cpp">
      <Filter>Source Files</Filter>
    </ClCompile>
    <ClCompile Include="dividetree.cpp">
      <Filter>Source Files</Filter>
    </ClCompile>
    <ClCompile Include="jointrees.cpp">
      <Filter>Source Files</Filter>
    </ClCompile>
    <ClCompile Include="qscore.cpp">
      <Filter>Source Files</Filter>
    </ClCompile>
    <ClCompile Include="derep.cpp">
      <Filter>Source Files</Filter>
    </ClCompile>
    <ClCompile Include="uclust.cpp">
      <Filter>Source Files</Filter>
    </ClCompile>
    <ClCompile Include="super5.cpp">
      <Filter>Source Files</Filter>
    </ClCompile>
    <ClCompile Include="globalinputms.cpp">
      <Filter>Source Files</Filter>
    </ClCompile>
    <ClCompile Include="assertsameseqs.cpp">
      <Filter>Source Files</Filter>
    </ClCompile>
    <ClCompile Include="project.cpp">
      <Filter>Source Files</Filter>
    </ClCompile>
    <ClCompile Include="transaln.cpp">
      <Filter>Source Files</Filter>
    </ClCompile>
    <ClCompile Include="logaln.cpp">
      <Filter>Source Files</Filter>
    </ClCompile>
    <ClCompile Include="hmmdump.cpp">
      <Filter>Source Files</Filter>
    </ClCompile>
    <ClCompile Include="hmmparams.cpp">
      <Filter>Source Files</Filter>
    </ClCompile>
    <ClCompile Include="qscore2.cpp">
      <Filter>Source Files</Filter>
    </ClCompile>
    <ClCompile Include="qscorer.cpp">
      <Filter>Source Files</Filter>
    </ClCompile>
    <ClCompile Include="defaulthmmparams.cpp">
      <Filter>Source Files</Filter>
    </ClCompile>
    <ClCompile Include="transq.cpp">
      <Filter>Source Files</Filter>
    </ClCompile>
    <ClCompile Include="treeperm.cpp">
      <Filter>Source Files</Filter>
    </ClCompile>
    <ClCompile Include="perturbhmm.cpp">
      <Filter>Source Files</Filter>
    </ClCompile>
    <ClCompile Include="testscoretype.cpp">
      <Filter>Source Files</Filter>
    </ClCompile>
    <ClCompile Include="testfb.cpp">
      <Filter>Source Files</Filter>
    </ClCompile>
    <ClCompile Include="totalprobflat.cpp">
      <Filter>Source Files</Filter>
    </ClCompile>
    <ClCompile Include="calcposteriorflat.cpp">
      <Filter>Source Files</Filter>
    </ClCompile>
    <ClCompile Include="calcalnflat.cpp">
      <Filter>Source Files</Filter>
    </ClCompile>
    <ClCompile Include="mysparsemx.cpp">
      <Filter>Source Files</Filter>
    </ClCompile>
    <ClCompile Include="mpcflat.cpp">
      <Filter>Source Files</Filter>
    </ClCompile>
    <ClCompile Include="progalnflat.cpp">
      <Filter>Source Files</Filter>
    </ClCompile>
    <ClCompile Include="alnalnsflat.cpp">
      <Filter>Source Files</Filter>
    </ClCompile>
    <ClCompile Include="buildpostflat.cpp">
      <Filter>Source Files</Filter>
    </ClCompile>
    <ClCompile Include="calcalnscoreflat.cpp">
      <Filter>Source Files</Filter>
    </ClCompile>
    <ClCompile Include="logmx.cpp">
      <Filter>Source Files</Filter>
    </ClCompile>
    <ClCompile Include="consflat.cpp">
      <Filter>Source Files</Filter>
    </ClCompile>
    <ClCompile Include="refineflat.cpp">
      <Filter>Source Files</Filter>
    </ClCompile>
    <ClCompile Include="relaxflat.cpp">
      <Filter>Source Files</Filter>
    </ClCompile>
    <ClCompile Include="conspairflat.cpp">
      <Filter>Source Files</Filter>
    </ClCompile>
    <ClCompile Include="fwdflat3.cpp">
      <Filter>Source Files</Filter>
    </ClCompile>
    <ClCompile Include="bwdflat3.cpp">
      <Filter>Source Files</Filter>
    </ClCompile>
    <ClCompile Include="testlog.cpp">
      <Filter>Source Files</Filter>
    </ClCompile>
    <ClCompile Include="eacluster.cpp">
      <Filter>Source Files</Filter>
    </ClCompile>
    <ClCompile Include="alnmsasflat.cpp">
      <Filter>Source Files</Filter>
    </ClCompile>
    <ClCompile Include="buildposterior3flat.cpp">
      <Filter>Source Files</Filter>
    </ClCompile>
    <ClCompile Include="alignpairflat.cpp">
      <Filter>Source Files</Filter>
    </ClCompile>
    <ClCompile Include="getpostpairsalignedflat.cpp">
      <Filter>Source Files</Filter>
    </ClCompile>
    <ClCompile Include="getpairs.cpp">
      <Filter>Source Files</Filter>
    </ClCompile>
    <ClCompile Include="logdistmx.cpp">
      <Filter>Source Files</Filter>
    </ClCompile>
    <ClCompile Include="alnmsasflat3.cpp">
      <Filter>Source Files</Filter>
    </ClCompile>
    <ClCompile Include="allocflat.cpp">
      <Filter>Source Files</Filter>
    </ClCompile>
    <ClCompile Include="seb8.cpp">
      <Filter>Source Files</Filter>
    </ClCompile>
    <ClCompile Include="tracebackflat.cpp">
      <Filter>Source Files</Filter>
    </ClCompile>
    <ClCompile Include="diagbox.cpp">
      <Filter>Source Files</Filter>
    </ClCompile>
    <ClCompile Include="calcalnscoresparse.cpp">
      <Filter>Source Files</Filter>
    </ClCompile>
    <ClCompile Include="resample.cpp">
      <Filter>Source Files</Filter>
    </ClCompile>
    <ClCompile Include="disperse.cpp">
      <Filter>Source Files</Filter>
    </ClCompile>
    <ClCompile Include="stripgappyrows.cpp">
      <Filter>Source Files</Filter>
    </ClCompile>
    <ClCompile Include="ensemble.cpp">
      <Filter>Source Files</Filter>
    </ClCompile>
    <ClCompile Include="efastats.cpp">
      <Filter>Source Files</Filter>
    </ClCompile>
    <ClCompile Include="fa2efa.cpp">
      <Filter>Source Files</Filter>
    </ClCompile>
    <ClCompile Include="colscoreefa.cpp">
      <Filter>Source Files</Filter>
    </ClCompile>
    <ClCompile Include="align.cpp">
      <Filter>Source Files</Filter>
    </ClCompile>
    <ClCompile Include="trimtoref.cpp">
      <Filter>Source Files</Filter>
    </ClCompile>
    <ClCompile Include="trimtorefefa.cpp">
      <Filter>Source Files</Filter>
    </ClCompile>
    <ClCompile Include="qscoreefa.cpp">
      <Filter>Source Files</Filter>
    </ClCompile>
    <ClCompile Include="efabestconf.cpp">
      <Filter>Source Files</Filter>
    </ClCompile>
    <ClCompile Include="efaexplode.cpp">
      <Filter>Source Files</Filter>
    </ClCompile>
    <ClCompile Include="relabel.cpp">
      <Filter>Source Files</Filter>
    </ClCompile>
    <ClCompile Include="addconfseq.cpp">
      <Filter>Source Files</Filter>
    </ClCompile>
    <ClCompile Include="efabestcols.cpp">
      <Filter>Source Files</Filter>
    </ClCompile>
    <ClCompile Include="randomchaintree.cpp">
      <Filter>Source Files</Filter>
    </ClCompile>
    <ClCompile Include="help.cpp">
      <Filter>Source Files</Filter>
    </ClCompile>
    <ClCompile Include="maxcc.cpp">
      <Filter>Source Files</Filter>
    </ClCompile>
    <ClCompile Include="letterconf.cpp">
      <Filter>Source Files</Filter>
    </ClCompile>
    <ClCompile Include="letterconfhtml.cpp">
      <Filter>Source Files</Filter>
    </ClCompile>
    <ClCompile Include="jalview.cpp">
      <Filter>Source Files</Filter>
    </ClCompile>
    <ClCompile Include="heatmapcolors.cpp">
      <Filter>Source Files</Filter>
    </ClCompile>
    <ClCompile Include="make_a2m.cpp">
      <Filter>Source Files</Filter>
    </ClCompile>
    <ClCompile Include="eesort.cpp">
      <Filter>Source Files</Filter>
    </ClCompile>
  </ItemGroup>
  <ItemGroup>
    <ClInclude Include="alpha.h">
      <Filter>Header Files</Filter>
    </ClInclude>
    <ClInclude Include="clust.h">
      <Filter>Header Files</Filter>
    </ClInclude>
    <ClInclude Include="cluster.h">
      <Filter>Header Files</Filter>
    </ClInclude>
    <ClInclude Include="clustsetdf.h">
      <Filter>Header Files</Filter>
    </ClInclude>
    <ClInclude Include="clustsetmsa.h">
      <Filter>Header Files</Filter>
    </ClInclude>
    <ClInclude Include="consts.h">
      <Filter>Header Files</Filter>
    </ClInclude>
    <ClInclude Include="distcalc.h">
      <Filter>Header Files</Filter>
    </ClInclude>
    <ClInclude Include="dpregionlist.h">
      <Filter>Header Files</Filter>
    </ClInclude>
    <ClInclude Include="dpreglist.h">
      <Filter>Header Files</Filter>
    </ClInclude>
    <ClInclude Include="edgelist.h">
      <Filter>Header Files</Filter>
    </ClInclude>
    <ClInclude Include="enumopts.h">
      <Filter>Header Files</Filter>
    </ClInclude>
    <ClInclude Include="estring.h">
      <Filter>Header Files</Filter>
    </ClInclude>
    <ClInclude Include="gapscoredimer.h">
      <Filter>Header Files</Filter>
    </ClInclude>
    <ClInclude Include="gonnet.h">
      <Filter>Header Files</Filter>
    </ClInclude>
    <ClInclude Include="intmath.h">
      <Filter>Header Files</Filter>
    </ClInclude>
    <ClInclude Include="msa.h">
      <Filter>Header Files</Filter>
    </ClInclude>
    <ClInclude Include="muscle.h">
      <Filter>Header Files</Filter>
    </ClInclude>
    <ClInclude Include="objscore.h">
      <Filter>Header Files</Filter>
    </ClInclude>
    <ClInclude Include="params.h">
      <Filter>Header Files</Filter>
    </ClInclude>
    <ClInclude Include="profile.h">
      <Filter>Header Files</Filter>
    </ClInclude>
    <ClInclude Include="scorehistory.h">
      <Filter>Header Files</Filter>
    </ClInclude>
    <ClInclude Include="seq.h">
      <Filter>Header Files</Filter>
    </ClInclude>
    <ClInclude Include="textfile.h">
      <Filter>Header Files</Filter>
    </ClInclude>
    <ClInclude Include="timing.h">
      <Filter>Header Files</Filter>
    </ClInclude>
    <ClInclude Include="tree.h">
      <Filter>Header Files</Filter>
    </ClInclude>
    <ClInclude Include="types.h">
      <Filter>Header Files</Filter>
    </ClInclude>
    <ClInclude Include="unixio.h">
      <Filter>Header Files</Filter>
    </ClInclude>
    <ClInclude Include="pairhmm.h">
      <Filter>Header Files</Filter>
    </ClInclude>
    <ClInclude Include="scoretype.h">
      <Filter>Header Files</Filter>
    </ClInclude>
    <ClInclude Include="sequence.h">
      <Filter>Header Files</Filter>
    </ClInclude>
    <ClInclude Include="sparsematrix.h">
      <Filter>Header Files</Filter>
    </ClInclude>
    <ClInclude Include="filebuffer.h">
      <Filter>Header Files</Filter>
    </ClInclude>
    <ClInclude Include="probcons.h">
      <Filter>Header Files</Filter>
    </ClInclude>
    <ClInclude Include="multisequence.h">
      <Filter>Header Files</Filter>
    </ClInclude>
    <ClInclude Include="myutils.h">
      <Filter>Header Files</Filter>
    </ClInclude>
    <ClInclude Include="pprog.h">
      <Filter>Header Files</Filter>
    </ClInclude>
    <ClInclude Include="quarts.h">
      <Filter>Header Files</Filter>
    </ClInclude>
    <ClInclude Include="countsort.h">
      <Filter>Header Files</Filter>
    </ClInclude>
    <ClInclude Include="sort.h">
      <Filter>Header Files</Filter>
    </ClInclude>
    <ClInclude Include="upgma5.h">
      <Filter>Header Files</Filter>
    </ClInclude>
    <ClInclude Include="cmds.h">
      <Filter>Header Files</Filter>
    </ClInclude>
    <ClInclude Include="alpha3.h">
      <Filter>Header Files</Filter>
    </ClInclude>
    <ClInclude Include="pwpath.h">
      <Filter>Header Files</Filter>
    </ClInclude>
    <ClInclude Include="gobuff.h">
      <Filter>Header Files</Filter>
    </ClInclude>
    <ClInclude Include="myopts.h">
      <Filter>Header Files</Filter>
    </ClInclude>
    <ClInclude Include="treesplitter.h">
      <Filter>Header Files</Filter>
    </ClInclude>
    <ClInclude Include="sparsemx.h">
      <Filter>Header Files</Filter>
    </ClInclude>
    <ClInclude Include="super4.h">
      <Filter>Header Files</Filter>
    </ClInclude>
    <ClInclude Include="usorter.h">
      <Filter>Header Files</Filter>
    </ClInclude>
    <ClInclude Include="eacluster.h">
      <Filter>Header Files</Filter>
    </ClInclude>
    <ClInclude Include="derep.h">
      <Filter>Header Files</Filter>
    </ClInclude>
    <ClInclude Include="uclust.h">
      <Filter>Header Files</Filter>
    </ClInclude>
    <ClInclude Include="super5.h">
      <Filter>Header Files</Filter>
    </ClInclude>
    <ClInclude Include="transaln.h">
      <Filter>Header Files</Filter>
    </ClInclude>
    <ClInclude Include="hmmparams.h">
      <Filter>Header Files</Filter>
    </ClInclude>
    <ClInclude Include="hmmtrans.h">
      <Filter>Header Files</Filter>
    </ClInclude>
    <ClInclude Include="qscorer.h">
      <Filter>Header Files</Filter>
    </ClInclude>
    <ClInclude Include="mpc.h">
      <Filter>Header Files</Filter>
    </ClInclude>
    <ClInclude Include="qscorer3.h">
      <Filter>Header Files</Filter>
    </ClInclude>
    <ClInclude Include="treeperm.h">
      <Filter>Header Files</Filter>
    </ClInclude>
    <ClInclude Include="flatmx.h">
      <Filter>Header Files</Filter>
    </ClInclude>
    <ClInclude Include="cmptom.h">
      <Filter>Header Files</Filter>
    </ClInclude>
    <ClInclude Include="mysparsemx.h">
      <Filter>Header Files</Filter>
    </ClInclude>
    <ClInclude Include="mpcflat.h">
      <Filter>Header Files</Filter>
    </ClInclude>
    <ClInclude Include="locallock.h">
      <Filter>Header Files</Filter>
    </ClInclude>
    <ClInclude Include="usage.h">
      <Filter>Header Files</Filter>
    </ClInclude>
    <ClInclude Include="kmerscan.h">
      <Filter>Header Files</Filter>
    </ClInclude>
    <ClInclude Include="six.h">
      <Filter>Header Files</Filter>
    </ClInclude>
    <ClInclude Include="hspfinder.h">
      <Filter>Header Files</Filter>
    </ClInclude>
    <ClInclude Include="chainer.h">
      <Filter>Header Files</Filter>
    </ClInclude>
    <ClInclude Include="best3.h">
      <Filter>Header Files</Filter>
    </ClInclude>
    <ClInclude Include="hmmscores.h">
      <Filter>Header Files</Filter>
    </ClInclude>
    <ClInclude Include="diagbox.h">
      <Filter>Header Files</Filter>
    </ClInclude>
    <ClInclude Include="ensemble.h">
      <Filter>Header Files</Filter>
    </ClInclude>
    <ClInclude Include="heatmapcolors.h">
      <Filter>Header Files</Filter>
    </ClInclude>
  </ItemGroup>
  <ItemGroup>
    <Text Include="usage.txt" />
  </ItemGroup>
</Project>